// !$*UTF8*$!
{
	archiveVersion = 1;
	classes = {
	};
	objectVersion = 50;
	objects = {

/* Begin PBXBuildFile section */
		FF259D7B24590AF9003F156A /* AppDelegate.swift in Sources */ = {isa = PBXBuildFile; fileRef = FF259D7A24590AF9003F156A /* AppDelegate.swift */; };
		FF259D7D24590AF9003F156A /* SceneDelegate.swift in Sources */ = {isa = PBXBuildFile; fileRef = FF259D7C24590AF9003F156A /* SceneDelegate.swift */; };
		FF259D7F24590AF9003F156A /* ContentView.swift in Sources */ = {isa = PBXBuildFile; fileRef = FF259D7E24590AF9003F156A /* ContentView.swift */; };
		FF259D8124590AFF003F156A /* Assets.xcassets in Resources */ = {isa = PBXBuildFile; fileRef = FF259D8024590AFF003F156A /* Assets.xcassets */; };
		FF259D8424590AFF003F156A /* Preview Assets.xcassets in Resources */ = {isa = PBXBuildFile; fileRef = FF259D8324590AFF003F156A /* Preview Assets.xcassets */; };
		FF259D8724590AFF003F156A /* LaunchScreen.storyboard in Resources */ = {isa = PBXBuildFile; fileRef = FF259D8524590AFF003F156A /* LaunchScreen.storyboard */; };
		FFC0CC8D245FAE4300284DBC /* PhotoData.swift in Sources */ = {isa = PBXBuildFile; fileRef = FFC0CC8C245FAE4300284DBC /* PhotoData.swift */; };
		FFC0CC8F245FAFB200284DBC /* RowView.swift in Sources */ = {isa = PBXBuildFile; fileRef = FFC0CC8E245FAFB200284DBC /* RowView.swift */; };
		FFC0CC91245FB76D00284DBC /* PhotoDetailView.swift in Sources */ = {isa = PBXBuildFile; fileRef = FFC0CC90245FB76D00284DBC /* PhotoDetailView.swift */; };
		FFDACAD72466483800F8B2A3 /* SomeView.swift in Sources */ = {isa = PBXBuildFile; fileRef = FFDACAD62466483800F8B2A3 /* SomeView.swift */; };
		FFDACAD924664B6B00F8B2A3 /* PhotoView.swift in Sources */ = {isa = PBXBuildFile; fileRef = FFDACAD824664B6B00F8B2A3 /* PhotoView.swift */; };
		FFDACADB2466542E00F8B2A3 /* FirstView.swift in Sources */ = {isa = PBXBuildFile; fileRef = FFDACADA2466542E00F8B2A3 /* FirstView.swift */; };
		FFDACADD246654A800F8B2A3 /* SecondView.swift in Sources */ = {isa = PBXBuildFile; fileRef = FFDACADC246654A800F8B2A3 /* SecondView.swift */; };
		FFDACADF246654D200F8B2A3 /* ThirdView.swift in Sources */ = {isa = PBXBuildFile; fileRef = FFDACADE246654D200F8B2A3 /* ThirdView.swift */; };
/* End PBXBuildFile section */

/* Begin PBXFileReference section */
		FF259D7724590AF9003F156A /* HelloWorld.app */ = {isa = PBXFileReference; explicitFileType = wrapper.application; includeInIndex = 0; path = HelloWorld.app; sourceTree = BUILT_PRODUCTS_DIR; };
		FF259D7A24590AF9003F156A /* AppDelegate.swift */ = {isa = PBXFileReference; lastKnownFileType = sourcecode.swift; path = AppDelegate.swift; sourceTree = "<group>"; };
		FF259D7C24590AF9003F156A /* SceneDelegate.swift */ = {isa = PBXFileReference; lastKnownFileType = sourcecode.swift; path = SceneDelegate.swift; sourceTree = "<group>"; };
		FF259D7E24590AF9003F156A /* ContentView.swift */ = {isa = PBXFileReference; lastKnownFileType = sourcecode.swift; path = ContentView.swift; sourceTree = "<group>"; };
		FF259D8024590AFF003F156A /* Assets.xcassets */ = {isa = PBXFileReference; lastKnownFileType = folder.assetcatalog; path = Assets.xcassets; sourceTree = "<group>"; };
		FF259D8324590AFF003F156A /* Preview Assets.xcassets */ = {isa = PBXFileReference; lastKnownFileType = folder.assetcatalog; path = "Preview Assets.xcassets"; sourceTree = "<group>"; };
		FF259D8624590AFF003F156A /* Base */ = {isa = PBXFileReference; lastKnownFileType = file.storyboard; name = Base; path = Base.lproj/LaunchScreen.storyboard; sourceTree = "<group>"; };
		FF259D8824590AFF003F156A /* Info.plist */ = {isa = PBXFileReference; lastKnownFileType = text.plist.xml; path = Info.plist; sourceTree = "<group>"; };
		FFC0CC8C245FAE4300284DBC /* PhotoData.swift */ = {isa = PBXFileReference; lastKnownFileType = sourcecode.swift; path = PhotoData.swift; sourceTree = "<group>"; };
		FFC0CC8E245FAFB200284DBC /* RowView.swift */ = {isa = PBXFileReference; lastKnownFileType = sourcecode.swift; path = RowView.swift; sourceTree = "<group>"; };
		FFC0CC90245FB76D00284DBC /* PhotoDetailView.swift */ = {isa = PBXFileReference; lastKnownFileType = sourcecode.swift; path = PhotoDetailView.swift; sourceTree = "<group>"; };
		FFDACAD62466483800F8B2A3 /* SomeView.swift */ = {isa = PBXFileReference; lastKnownFileType = sourcecode.swift; path = SomeView.swift; sourceTree = SOURCE_ROOT; };
		FFDACAD824664B6B00F8B2A3 /* PhotoView.swift */ = {isa = PBXFileReference; lastKnownFileType = sourcecode.swift; path = PhotoView.swift; sourceTree = "<group>"; };
		FFDACADA2466542E00F8B2A3 /* FirstView.swift */ = {isa = PBXFileReference; lastKnownFileType = sourcecode.swift; path = FirstView.swift; sourceTree = "<group>"; };
		FFDACADC246654A800F8B2A3 /* SecondView.swift */ = {isa = PBXFileReference; lastKnownFileType = sourcecode.swift; path = SecondView.swift; sourceTree = "<group>"; };
		FFDACADE246654D200F8B2A3 /* ThirdView.swift */ = {isa = PBXFileReference; lastKnownFileType = sourcecode.swift; path = ThirdView.swift; sourceTree = "<group>"; };
/* End PBXFileReference section */

/* Begin PBXFrameworksBuildPhase section */
		FF259D7424590AF9003F156A /* Frameworks */ = {
			isa = PBXFrameworksBuildPhase;
			buildActionMask = 2147483647;
			files = (
			);
			runOnlyForDeploymentPostprocessing = 0;
		};
/* End PBXFrameworksBuildPhase section */

/* Begin PBXGroup section */
		FF259D6E24590AF8003F156A = {
			isa = PBXGroup;
			children = (
				FF259D7924590AF9003F156A /* HelloWorld */,
				FF259D7824590AF9003F156A /* Products */,
			);
			sourceTree = "<group>";
		};
		FF259D7824590AF9003F156A /* Products */ = {
			isa = PBXGroup;
			children = (
				FF259D7724590AF9003F156A /* HelloWorld.app */,
			);
			name = Products;
			sourceTree = "<group>";
		};
		FF259D7924590AF9003F156A /* HelloWorld */ = {
			isa = PBXGroup;
			children = (
				FFDACAD62466483800F8B2A3 /* SomeView.swift */,
				FF259D7A24590AF9003F156A /* AppDelegate.swift */,
				FF259D7C24590AF9003F156A /* SceneDelegate.swift */,
				FF259D7E24590AF9003F156A /* ContentView.swift */,
				FFDACADA2466542E00F8B2A3 /* FirstView.swift */,
				FFDACADC246654A800F8B2A3 /* SecondView.swift */,
				FFDACADE246654D200F8B2A3 /* ThirdView.swift */,
				FF259D8024590AFF003F156A /* Assets.xcassets */,
				FFC0CC8C245FAE4300284DBC /* PhotoData.swift */,
				FFDACAD824664B6B00F8B2A3 /* PhotoView.swift */,
				FFC0CC90245FB76D00284DBC /* PhotoDetailView.swift */,
				FFC0CC8E245FAFB200284DBC /* RowView.swift */,
				FF259D8524590AFF003F156A /* LaunchScreen.storyboard */,
				FF259D8824590AFF003F156A /* Info.plist */,
				FF259D8224590AFF003F156A /* Preview Content */,
			);
			path = HelloWorld;
			sourceTree = "<group>";
		};
		FF259D8224590AFF003F156A /* Preview Content */ = {
			isa = PBXGroup;
			children = (
				FF259D8324590AFF003F156A /* Preview Assets.xcassets */,
			);
			path = "Preview Content";
			sourceTree = "<group>";
		};
/* End PBXGroup section */

/* Begin PBXNativeTarget section */
		FF259D7624590AF9003F156A /* HelloWorld */ = {
			isa = PBXNativeTarget;
			buildConfigurationList = FF259D8B24590AFF003F156A /* Build configuration list for PBXNativeTarget "HelloWorld" */;
			buildPhases = (
				FF259D7324590AF9003F156A /* Sources */,
				FF259D7424590AF9003F156A /* Frameworks */,
				FF259D7524590AF9003F156A /* Resources */,
			);
			buildRules = (
			);
			dependencies = (
			);
			name = HelloWorld;
			productName = HelloWorld;
			productReference = FF259D7724590AF9003F156A /* HelloWorld.app */;
			productType = "com.apple.product-type.application";
		};
/* End PBXNativeTarget section */

/* Begin PBXProject section */
		FF259D6F24590AF8003F156A /* Project object */ = {
			isa = PBXProject;
			attributes = {
				LastSwiftUpdateCheck = 1130;
				LastUpgradeCheck = 1130;
				ORGANIZATIONNAME = "丹下敦矢";
				TargetAttributes = {
					FF259D7624590AF9003F156A = {
						CreatedOnToolsVersion = 11.3.1;
					};
				};
			};
			buildConfigurationList = FF259D7224590AF8003F156A /* Build configuration list for PBXProject "HelloWorld" */;
			compatibilityVersion = "Xcode 9.3";
			developmentRegion = en;
			hasScannedForEncodings = 0;
			knownRegions = (
				en,
				Base,
			);
			mainGroup = FF259D6E24590AF8003F156A;
			productRefGroup = FF259D7824590AF9003F156A /* Products */;
			projectDirPath = "";
			projectRoot = "";
			targets = (
				FF259D7624590AF9003F156A /* HelloWorld */,
			);
		};
/* End PBXProject section */

/* Begin PBXResourcesBuildPhase section */
		FF259D7524590AF9003F156A /* Resources */ = {
			isa = PBXResourcesBuildPhase;
			buildActionMask = 2147483647;
			files = (
				FF259D8724590AFF003F156A /* LaunchScreen.storyboard in Resources */,
				FF259D8424590AFF003F156A /* Preview Assets.xcassets in Resources */,
				FF259D8124590AFF003F156A /* Assets.xcassets in Resources */,
			);
			runOnlyForDeploymentPostprocessing = 0;
		};
/* End PBXResourcesBuildPhase section */

/* Begin PBXSourcesBuildPhase section */
		FF259D7324590AF9003F156A /* Sources */ = {
			isa = PBXSourcesBuildPhase;
			buildActionMask = 2147483647;
			files = (
				FFDACAD72466483800F8B2A3 /* SomeView.swift in Sources */,
				FF259D7B24590AF9003F156A /* AppDelegate.swift in Sources */,
				FFC0CC8F245FAFB200284DBC /* RowView.swift in Sources */,
				FFC0CC91245FB76D00284DBC /* PhotoDetailView.swift in Sources */,
				FF259D7D24590AF9003F156A /* SceneDelegate.swift in Sources */,
				FFC0CC8D245FAE4300284DBC /* PhotoData.swift in Sources */,
				FFDACADD246654A800F8B2A3 /* SecondView.swift in Sources */,
				FF259D7F24590AF9003F156A /* ContentView.swift in Sources */,
				FFDACADF246654D200F8B2A3 /* ThirdView.swift in Sources */,
				FFDACADB2466542E00F8B2A3 /* FirstView.swift in Sources */,
				FFDACAD924664B6B00F8B2A3 /* PhotoView.swift in Sources */,
			);
			runOnlyForDeploymentPostprocessing = 0;
		};
/* End PBXSourcesBuildPhase section */

/* Begin PBXVariantGroup section */
		FF259D8524590AFF003F156A /* LaunchScreen.storyboard */ = {
			isa = PBXVariantGroup;
			children = (
				FF259D8624590AFF003F156A /* Base */,
			);
			name = LaunchScreen.storyboard;
			sourceTree = "<group>";
		};
/* End PBXVariantGroup section */

/* Begin XCBuildConfiguration section */
		FF259D8924590AFF003F156A /* Debug */ = {
			isa = XCBuildConfiguration;
			buildSettings = {
				ALWAYS_SEARCH_USER_PATHS = NO;
				CLANG_ANALYZER_NONNULL = YES;
				CLANG_ANALYZER_NUMBER_OBJECT_CONVERSION = YES_AGGRESSIVE;
				CLANG_CXX_LANGUAGE_STANDARD = "gnu++14";
				CLANG_CXX_LIBRARY = "libc++";
				CLANG_ENABLE_MODULES = YES;
				CLANG_ENABLE_OBJC_ARC = YES;
				CLANG_ENABLE_OBJC_WEAK = YES;
				CLANG_WARN_BLOCK_CAPTURE_AUTORELEASING = YES;
				CLANG_WARN_BOOL_CONVERSION = YES;
				CLANG_WARN_COMMA = YES;
				CLANG_WARN_CONSTANT_CONVERSION = YES;
				CLANG_WARN_DEPRECATED_OBJC_IMPLEMENTATIONS = YES;
				CLANG_WARN_DIRECT_OBJC_ISA_USAGE = YES_ERROR;
				CLANG_WARN_DOCUMENTATION_COMMENTS = YES;
				CLANG_WARN_EMPTY_BODY = YES;
				CLANG_WARN_ENUM_CONVERSION = YES;
				CLANG_WARN_INFINITE_RECURSION = YES;
				CLANG_WARN_INT_CONVERSION = YES;
				CLANG_WARN_NON_LITERAL_NULL_CONVERSION = YES;
				CLANG_WARN_OBJC_IMPLICIT_RETAIN_SELF = YES;
				CLANG_WARN_OBJC_LITERAL_CONVERSION = YES;
				CLANG_WARN_OBJC_ROOT_CLASS = YES_ERROR;
				CLANG_WARN_RANGE_LOOP_ANALYSIS = YES;
				CLANG_WARN_STRICT_PROTOTYPES = YES;
				CLANG_WARN_SUSPICIOUS_MOVE = YES;
				CLANG_WARN_UNGUARDED_AVAILABILITY = YES_AGGRESSIVE;
				CLANG_WARN_UNREACHABLE_CODE = YES;
				CLANG_WARN__DUPLICATE_METHOD_MATCH = YES;
				COPY_PHASE_STRIP = NO;
				DEBUG_INFORMATION_FORMAT = dwarf;
				ENABLE_STRICT_OBJC_MSGSEND = YES;
				ENABLE_TESTABILITY = YES;
				GCC_C_LANGUAGE_STANDARD = gnu11;
				GCC_DYNAMIC_NO_PIC = NO;
				GCC_NO_COMMON_BLOCKS = YES;
				GCC_OPTIMIZATION_LEVEL = 0;
				GCC_PREPROCESSOR_DEFINITIONS = (
					"DEBUG=1",
					"$(inherited)",
				);
				GCC_WARN_64_TO_32_BIT_CONVERSION = YES;
				GCC_WARN_ABOUT_RETURN_TYPE = YES_ERROR;
				GCC_WARN_UNDECLARED_SELECTOR = YES;
				GCC_WARN_UNINITIALIZED_AUTOS = YES_AGGRESSIVE;
				GCC_WARN_UNUSED_FUNCTION = YES;
				GCC_WARN_UNUSED_VARIABLE = YES;
				IPHONEOS_DEPLOYMENT_TARGET = 13.2;
				MTL_ENABLE_DEBUG_INFO = INCLUDE_SOURCE;
				MTL_FAST_MATH = YES;
				ONLY_ACTIVE_ARCH = YES;
				SDKROOT = iphoneos;
				SWIFT_ACTIVE_COMPILATION_CONDITIONS = DEBUG;
				SWIFT_OPTIMIZATION_LEVEL = "-Onone";
			};
			name = Debug;
		};
		FF259D8A24590AFF003F156A /* Release */ = {
			isa = XCBuildConfiguration;
			buildSettings = {
				ALWAYS_SEARCH_USER_PATHS = NO;
				CLANG_ANALYZER_NONNULL = YES;
				CLANG_ANALYZER_NUMBER_OBJECT_CONVERSION = YES_AGGRESSIVE;
				CLANG_CXX_LANGUAGE_STANDARD = "gnu++14";
				CLANG_CXX_LIBRARY = "libc++";
				CLANG_ENABLE_MODULES = YES;
				CLANG_ENABLE_OBJC_ARC = YES;
				CLANG_ENABLE_OBJC_WEAK = YES;
				CLANG_WARN_BLOCK_CAPTURE_AUTORELEASING = YES;
				CLANG_WARN_BOOL_CONVERSION = YES;
				CLANG_WARN_COMMA = YES;
				CLANG_WARN_CONSTANT_CONVERSION = YES;
				CLANG_WARN_DEPRECATED_OBJC_IMPLEMENTATIONS = YES;
				CLANG_WARN_DIRECT_OBJC_ISA_USAGE = YES_ERROR;
				CLANG_WARN_DOCUMENTATION_COMMENTS = YES;
				CLANG_WARN_EMPTY_BODY = YES;
				CLANG_WARN_ENUM_CONVERSION = YES;
				CLANG_WARN_INFINITE_RECURSION = YES;
				CLANG_WARN_INT_CONVERSION = YES;
				CLANG_WARN_NON_LITERAL_NULL_CONVERSION = YES;
				CLANG_WARN_OBJC_IMPLICIT_RETAIN_SELF = YES;
				CLANG_WARN_OBJC_LITERAL_CONVERSION = YES;
				CLANG_WARN_OBJC_ROOT_CLASS = YES_ERROR;
				CLANG_WARN_RANGE_LOOP_ANALYSIS = YES;
				CLANG_WARN_STRICT_PROTOTYPES = YES;
				CLANG_WARN_SUSPICIOUS_MOVE = YES;
				CLANG_WARN_UNGUARDED_AVAILABILITY = YES_AGGRESSIVE;
				CLANG_WARN_UNREACHABLE_CODE = YES;
				CLANG_WARN__DUPLICATE_METHOD_MATCH = YES;
				COPY_PHASE_STRIP = NO;
				DEBUG_INFORMATION_FORMAT = "dwarf-with-dsym";
				ENABLE_NS_ASSERTIONS = NO;
				ENABLE_STRICT_OBJC_MSGSEND = YES;
				GCC_C_LANGUAGE_STANDARD = gnu11;
				GCC_NO_COMMON_BLOCKS = YES;
				GCC_WARN_64_TO_32_BIT_CONVERSION = YES;
				GCC_WARN_ABOUT_RETURN_TYPE = YES_ERROR;
				GCC_WARN_UNDECLARED_SELECTOR = YES;
				GCC_WARN_UNINITIALIZED_AUTOS = YES_AGGRESSIVE;
				GCC_WARN_UNUSED_FUNCTION = YES;
				GCC_WARN_UNUSED_VARIABLE = YES;
				IPHONEOS_DEPLOYMENT_TARGET = 13.2;
				MTL_ENABLE_DEBUG_INFO = NO;
				MTL_FAST_MATH = YES;
				SDKROOT = iphoneos;
				SWIFT_COMPILATION_MODE = wholemodule;
				SWIFT_OPTIMIZATION_LEVEL = "-O";
				VALIDATE_PRODUCT = YES;
			};
			name = Release;
		};
		FF259D8C24590AFF003F156A /* Debug */ = {
			isa = XCBuildConfiguration;
			buildSettings = {
				ASSETCATALOG_COMPILER_APPICON_NAME = AppIcon;
				CODE_SIGN_STYLE = Automatic;
				DEVELOPMENT_ASSET_PATHS = "\"HelloWorld/Preview Content\"";
				DEVELOPMENT_TEAM = TP6249545R;
				ENABLE_PREVIEWS = YES;
				INFOPLIST_FILE = HelloWorld/Info.plist;
				LD_RUNPATH_SEARCH_PATHS = (
					"$(inherited)",
					"@executable_path/Frameworks",
				);
				PRODUCT_BUNDLE_IDENTIFIER = com.tange.HelloWorld;
				PRODUCT_NAME = "$(TARGET_NAME)";
				SWIFT_VERSION = 5.0;
				TARGETED_DEVICE_FAMILY = "1,2";
			};
			name = Debug;
		};
		FF259D8D24590AFF003F156A /* Release */ = {
			isa = XCBuildConfiguration;
			buildSettings = {
				ASSETCATALOG_COMPILER_APPICON_NAME = AppIcon;
				CODE_SIGN_STYLE = Automatic;
				DEVELOPMENT_ASSET_PATHS = "\"HelloWorld/Preview Content\"";
				DEVELOPMENT_TEAM = TP6249545R;
				ENABLE_PREVIEWS = YES;
				INFOPLIST_FILE = HelloWorld/Info.plist;
				LD_RUNPATH_SEARCH_PATHS = (
					"$(inherited)",
					"@executable_path/Frameworks",
				);
				PRODUCT_BUNDLE_IDENTIFIER = com.tange.HelloWorld;
				PRODUCT_NAME = "$(TARGET_NAME)";
				SWIFT_VERSION = 5.0;
				TARGETED_DEVICE_FAMILY = "1,2";
			};
			name = Release;
		};
/* End XCBuildConfiguration section */

/* Begin XCConfigurationList section */
		FF259D7224590AF8003F156A /* Build configuration list for PBXProject "HelloWorld" */ = {
			isa = XCConfigurationList;
			buildConfigurations = (
				FF259D8924590AFF003F156A /* Debug */,
				FF259D8A24590AFF003F156A /* Release */,
			);
			defaultConfigurationIsVisible = 0;
			defaultConfigurationName = Release;
		};
		FF259D8B24590AFF003F156A /* Build configuration list for PBXNativeTarget "HelloWorld" */ = {
			isa = XCConfigurationList;
			buildConfigurations = (
				FF259D8C24590AFF003F156A /* Debug */,
				FF259D8D24590AFF003F156A /* Release */,
			);
			defaultConfigurationIsVisible = 0;
			defaultConfigurationName = Release;
		};
/* End XCConfigurationList section */
	};
	rootObject = FF259D6F24590AF8003F156A /* Project object */;
}
